
Microsoft Visual Studio Solution File, Format Version 12.00
# Visual Studio Version 17
VisualStudioVersion = 17.3.32922.545
MinimumVisualStudioVersion = 10.0.40219.1
Project("{FAE04EC0-301F-11D3-BF4B-00C04F79EFBC}") = "upravljanje_financijama", "upravljanje_financijama\upravljanje_financijama.csproj", "{EB97FFD7-05C5-4B6F-99CF-FE0804B52093}"
EndProject
Global
	GlobalSection(SolutionConfigurationPlatforms) = preSolution
		Debug|Any CPU = Debug|Any CPU
		Release|Any CPU = Release|Any CPU
	EndGlobalSection
	GlobalSection(ProjectConfigurationPlatforms) = postSolution
		{EB97FFD7-05C5-4B6F-99CF-FE0804B52093}.Debug|Any CPU.ActiveCfg = Debug|Any CPU
		{EB97FFD7-05C5-4B6F-99CF-FE0804B52093}.Debug|Any CPU.Build.0 = Debug|Any CPU
		{EB97FFD7-05C5-4B6F-99CF-FE0804B52093}.Release|Any CPU.ActiveCfg = Release|Any CPU
		{EB97FFD7-05C5-4B6F-99CF-FE0804B52093}.Release|Any CPU.Build.0 = Release|Any CPU
	EndGlobalSection
	GlobalSection(SolutionProperties) = preSolution
		HideSolutionNode = FALSE
	EndGlobalSection
	GlobalSection(ExtensibilityGlobals) = postSolution
		SolutionGuid = {7D95CA2F-8977-4A05-B6AD-C05C52D58D1A}
	EndGlobalSection
EndGlobal
